
Microsoft Visual Studio Solution File, Format Version 12.00
# Visual Studio Version 17
VisualStudioVersion = 17.2.32602.215
MinimumVisualStudioVersion = 10.0.40219.1
Project("{FAE04EC0-301F-11D3-BF4B-00C04F79EFBC}") = "RestfullService", "RestfullService\RestfullService.csproj", "{351DCBBB-F680-4605-9CF9-BB0C91C8E616}"
EndProject
Global
	GlobalSection(SolutionConfigurationPlatforms) = preSolution
		Debug|Any CPU = Debug|Any CPU
		Release|Any CPU = Release|Any CPU
	EndGlobalSection
	GlobalSection(ProjectConfigurationPlatforms) = postSolution
		{351DCBBB-F680-4605-9CF9-BB0C91C8E616}.Debug|Any CPU.ActiveCfg = Debug|Any CPU
		{351DCBBB-F680-4605-9CF9-BB0C91C8E616}.Debug|Any CPU.Build.0 = Debug|Any CPU
		{351DCBBB-F680-4605-9CF9-BB0C91C8E616}.Release|Any CPU.ActiveCfg = Release|Any CPU
		{351DCBBB-F680-4605-9CF9-BB0C91C8E616}.Release|Any CPU.Build.0 = Release|Any CPU
	EndGlobalSection
	GlobalSection(SolutionProperties) = preSolution
		HideSolutionNode = FALSE
	EndGlobalSection
	GlobalSection(ExtensibilityGlobals) = postSolution
		SolutionGuid = {EB97E73C-A82D-4BD6-9E6C-E36CB4FE450A}
	EndGlobalSection
EndGlobal
